// !$*UTF8*$!
{
	archiveVersion = 1;
	classes = {
	};
	objectVersion = 55;
	objects = {

/* Begin PBXBuildFile section */
		174113BE29ED2E10008C8EF1 /* AppDelegate.swift in Sources */ = {isa = PBXBuildFile; fileRef = 174113BD29ED2E10008C8EF1 /* AppDelegate.swift */; };
		174113C029ED2E10008C8EF1 /* SceneDelegate.swift in Sources */ = {isa = PBXBuildFile; fileRef = 174113BF29ED2E10008C8EF1 /* SceneDelegate.swift */; };
		174113C229ED2E10008C8EF1 /* ViewController.swift in Sources */ = {isa = PBXBuildFile; fileRef = 174113C129ED2E10008C8EF1 /* ViewController.swift */; };
		174113C729ED2E11008C8EF1 /* Assets.xcassets in Resources */ = {isa = PBXBuildFile; fileRef = 174113C629ED2E11008C8EF1 /* Assets.xcassets */; };
		174113CA29ED2E11008C8EF1 /* LaunchScreen.storyboard in Resources */ = {isa = PBXBuildFile; fileRef = 174113C829ED2E11008C8EF1 /* LaunchScreen.storyboard */; };
		174113D329ED2F0F008C8EF1 /* SnapKit in Frameworks */ = {isa = PBXBuildFile; productRef = 174113D229ED2F0F008C8EF1 /* SnapKit */; };
		174113D929ED344B008C8EF1 /* Coordinator.swift in Sources */ = {isa = PBXBuildFile; fileRef = 174113D829ED344B008C8EF1 /* Coordinator.swift */; };
		174113F629ED6563008C8EF1 /* RulesViewController.swift in Sources */ = {isa = PBXBuildFile; fileRef = 174113F429ED6563008C8EF1 /* RulesViewController.swift */; };
		174113F729ED6563008C8EF1 /* RulesViewController.xib in Resources */ = {isa = PBXBuildFile; fileRef = 174113F529ED6563008C8EF1 /* RulesViewController.xib */; };
		174113FA29ED67FD008C8EF1 /* GameViewController.swift in Sources */ = {isa = PBXBuildFile; fileRef = 174113F829ED67FD008C8EF1 /* GameViewController.swift */; };
		174113FB29ED67FD008C8EF1 /* GameViewController.xib in Resources */ = {isa = PBXBuildFile; fileRef = 174113F929ED67FD008C8EF1 /* GameViewController.xib */; };
		1741140029ED684E008C8EF1 /* TeamsViewController.swift in Sources */ = {isa = PBXBuildFile; fileRef = 174113FE29ED684E008C8EF1 /* TeamsViewController.swift */; };
		1741140129ED684E008C8EF1 /* TeamsViewController.xib in Resources */ = {isa = PBXBuildFile; fileRef = 174113FF29ED684E008C8EF1 /* TeamsViewController.xib */; };
		1741140429ED688D008C8EF1 /* MainViewController.swift in Sources */ = {isa = PBXBuildFile; fileRef = 1741140229ED688D008C8EF1 /* MainViewController.swift */; };
		1741140529ED688D008C8EF1 /* MainViewController.xib in Resources */ = {isa = PBXBuildFile; fileRef = 1741140329ED688D008C8EF1 /* MainViewController.xib */; };
		1741140829ED68D9008C8EF1 /* CategoriesViewController.swift in Sources */ = {isa = PBXBuildFile; fileRef = 1741140629ED68D9008C8EF1 /* CategoriesViewController.swift */; };
		1741140929ED68D9008C8EF1 /* CategoriesViewController.xib in Resources */ = {isa = PBXBuildFile; fileRef = 1741140729ED68D9008C8EF1 /* CategoriesViewController.xib */; };
		1741140C29ED6907008C8EF1 /* GameResultViewController.swift in Sources */ = {isa = PBXBuildFile; fileRef = 1741140A29ED6907008C8EF1 /* GameResultViewController.swift */; };
		1741140D29ED6907008C8EF1 /* ResultsViewController.xib in Resources */ = {isa = PBXBuildFile; fileRef = 1741140B29ED6907008C8EF1 /* ResultsViewController.xib */; };
		17E775C129EEFBB9004F6051 /* RoundResultsView.swift in Sources */ = {isa = PBXBuildFile; fileRef = 7ED2E8A929EE8777008DCF53 /* RoundResultsView.swift */; };
		436570EE29F02DC0003E6765 /* Team.swift in Sources */ = {isa = PBXBuildFile; fileRef = 436570ED29F02DC0003E6765 /* Team.swift */; };
		436570F029F02DDA003E6765 /* TeamAPI.swift in Sources */ = {isa = PBXBuildFile; fileRef = 436570EF29F02DDA003E6765 /* TeamAPI.swift */; };
		436570F229F02E02003E6765 /* TeamTableViewCell.swift in Sources */ = {isa = PBXBuildFile; fileRef = 436570F129F02E02003E6765 /* TeamTableViewCell.swift */; };
		436570F629F0354E003E6765 /* TeamsTableView.swift in Sources */ = {isa = PBXBuildFile; fileRef = 436570F529F0354E003E6765 /* TeamsTableView.swift */; };
		43871FAF29EE576800F57227 /* GameView.swift in Sources */ = {isa = PBXBuildFile; fileRef = 43871FAE29EE576800F57227 /* GameView.swift */; };
		43871FB129EE7D7900F57227 /* UIColor+extension.swift in Sources */ = {isa = PBXBuildFile; fileRef = 43871FB029EE7D7900F57227 /* UIColor+extension.swift */; };
		7EC3234429EDC87D00479134 /* UIColor + extension.swift in Sources */ = {isa = PBXBuildFile; fileRef = 7EC3234329EDC87D00479134 /* UIColor + extension.swift */; };
		7EC3234729EDD15300479134 /* GameResultView.swift in Sources */ = {isa = PBXBuildFile; fileRef = 7EC3234629EDD15300479134 /* GameResultView.swift */; };
		7ED2E8A829EE876E008DCF53 /* RoundResultsViewController.swift in Sources */ = {isa = PBXBuildFile; fileRef = 7ED2E8A729EE876E008DCF53 /* RoundResultsViewController.swift */; };
		E4EE191F29EED634009D8D75 /* CategoryViewModel.swift in Sources */ = {isa = PBXBuildFile; fileRef = E4EE191E29EED634009D8D75 /* CategoryViewModel.swift */; };
		E4EE192129EED64C009D8D75 /* CategoriesPresenter.swift in Sources */ = {isa = PBXBuildFile; fileRef = E4EE192029EED64C009D8D75 /* CategoriesPresenter.swift */; };
		E4EE192329EED660009D8D75 /* CategoriesFactory.swift in Sources */ = {isa = PBXBuildFile; fileRef = E4EE192229EED660009D8D75 /* CategoriesFactory.swift */; };
		E4EFCAD929EDD51C005B437D /* CategoryModel.swift in Sources */ = {isa = PBXBuildFile; fileRef = E4EFCAD829EDD51C005B437D /* CategoryModel.swift */; };
/* End PBXBuildFile section */

/* Begin PBXFileReference section */
		174113BA29ED2E10008C8EF1 /* croco.app */ = {isa = PBXFileReference; explicitFileType = wrapper.application; includeInIndex = 0; path = croco.app; sourceTree = BUILT_PRODUCTS_DIR; };
		174113BD29ED2E10008C8EF1 /* AppDelegate.swift */ = {isa = PBXFileReference; lastKnownFileType = sourcecode.swift; path = AppDelegate.swift; sourceTree = "<group>"; };
		174113BF29ED2E10008C8EF1 /* SceneDelegate.swift */ = {isa = PBXFileReference; lastKnownFileType = sourcecode.swift; path = SceneDelegate.swift; sourceTree = "<group>"; };
		174113C129ED2E10008C8EF1 /* ViewController.swift */ = {isa = PBXFileReference; lastKnownFileType = sourcecode.swift; path = ViewController.swift; sourceTree = "<group>"; };
		174113C629ED2E11008C8EF1 /* Assets.xcassets */ = {isa = PBXFileReference; lastKnownFileType = folder.assetcatalog; path = Assets.xcassets; sourceTree = "<group>"; };
		174113C929ED2E11008C8EF1 /* Base */ = {isa = PBXFileReference; lastKnownFileType = file.storyboard; name = Base; path = Base.lproj/LaunchScreen.storyboard; sourceTree = "<group>"; };
		174113CB29ED2E11008C8EF1 /* Info.plist */ = {isa = PBXFileReference; lastKnownFileType = text.plist.xml; path = Info.plist; sourceTree = "<group>"; };
		174113D829ED344B008C8EF1 /* Coordinator.swift */ = {isa = PBXFileReference; lastKnownFileType = sourcecode.swift; path = Coordinator.swift; sourceTree = "<group>"; };
		174113F429ED6563008C8EF1 /* RulesViewController.swift */ = {isa = PBXFileReference; lastKnownFileType = sourcecode.swift; path = RulesViewController.swift; sourceTree = "<group>"; };
		174113F529ED6563008C8EF1 /* RulesViewController.xib */ = {isa = PBXFileReference; lastKnownFileType = file.xib; path = RulesViewController.xib; sourceTree = "<group>"; };
		174113F829ED67FD008C8EF1 /* GameViewController.swift */ = {isa = PBXFileReference; lastKnownFileType = sourcecode.swift; path = GameViewController.swift; sourceTree = "<group>"; };
		174113F929ED67FD008C8EF1 /* GameViewController.xib */ = {isa = PBXFileReference; lastKnownFileType = file.xib; path = GameViewController.xib; sourceTree = "<group>"; };
		174113FE29ED684E008C8EF1 /* TeamsViewController.swift */ = {isa = PBXFileReference; lastKnownFileType = sourcecode.swift; path = TeamsViewController.swift; sourceTree = "<group>"; };
		174113FF29ED684E008C8EF1 /* TeamsViewController.xib */ = {isa = PBXFileReference; lastKnownFileType = file.xib; path = TeamsViewController.xib; sourceTree = "<group>"; };
		1741140229ED688D008C8EF1 /* MainViewController.swift */ = {isa = PBXFileReference; lastKnownFileType = sourcecode.swift; path = MainViewController.swift; sourceTree = "<group>"; };
		1741140329ED688D008C8EF1 /* MainViewController.xib */ = {isa = PBXFileReference; lastKnownFileType = file.xib; path = MainViewController.xib; sourceTree = "<group>"; };
		1741140629ED68D9008C8EF1 /* CategoriesViewController.swift */ = {isa = PBXFileReference; lastKnownFileType = sourcecode.swift; path = CategoriesViewController.swift; sourceTree = "<group>"; };
		1741140729ED68D9008C8EF1 /* CategoriesViewController.xib */ = {isa = PBXFileReference; lastKnownFileType = file.xib; path = CategoriesViewController.xib; sourceTree = "<group>"; };
		1741140A29ED6907008C8EF1 /* GameResultViewController.swift */ = {isa = PBXFileReference; lastKnownFileType = sourcecode.swift; path = GameResultViewController.swift; sourceTree = "<group>"; };
		1741140B29ED6907008C8EF1 /* ResultsViewController.xib */ = {isa = PBXFileReference; lastKnownFileType = file.xib; path = ResultsViewController.xib; sourceTree = "<group>"; };
		436570ED29F02DC0003E6765 /* Team.swift */ = {isa = PBXFileReference; lastKnownFileType = sourcecode.swift; path = Team.swift; sourceTree = "<group>"; };
		436570EF29F02DDA003E6765 /* TeamAPI.swift */ = {isa = PBXFileReference; lastKnownFileType = sourcecode.swift; path = TeamAPI.swift; sourceTree = "<group>"; };
		436570F129F02E02003E6765 /* TeamTableViewCell.swift */ = {isa = PBXFileReference; lastKnownFileType = sourcecode.swift; path = TeamTableViewCell.swift; sourceTree = "<group>"; };
		436570F529F0354E003E6765 /* TeamsTableView.swift */ = {isa = PBXFileReference; lastKnownFileType = sourcecode.swift; path = TeamsTableView.swift; sourceTree = "<group>"; };
		43871FAE29EE576800F57227 /* GameView.swift */ = {isa = PBXFileReference; lastKnownFileType = sourcecode.swift; path = GameView.swift; sourceTree = "<group>"; };
		43871FB029EE7D7900F57227 /* UIColor+extension.swift */ = {isa = PBXFileReference; fileEncoding = 4; lastKnownFileType = sourcecode.swift; path = "UIColor+extension.swift"; sourceTree = "<group>"; };
		7EC3234329EDC87D00479134 /* UIColor + extension.swift */ = {isa = PBXFileReference; lastKnownFileType = sourcecode.swift; path = "UIColor + extension.swift"; sourceTree = "<group>"; };
		7EC3234629EDD15300479134 /* GameResultView.swift */ = {isa = PBXFileReference; lastKnownFileType = sourcecode.swift; path = GameResultView.swift; sourceTree = "<group>"; };
		7ED2E8A729EE876E008DCF53 /* RoundResultsViewController.swift */ = {isa = PBXFileReference; lastKnownFileType = sourcecode.swift; path = RoundResultsViewController.swift; sourceTree = "<group>"; };
		7ED2E8A929EE8777008DCF53 /* RoundResultsView.swift */ = {isa = PBXFileReference; lastKnownFileType = sourcecode.swift; path = RoundResultsView.swift; sourceTree = "<group>"; };
		E4EE191E29EED634009D8D75 /* CategoryViewModel.swift */ = {isa = PBXFileReference; lastKnownFileType = sourcecode.swift; path = CategoryViewModel.swift; sourceTree = "<group>"; };
		E4EE192029EED64C009D8D75 /* CategoriesPresenter.swift */ = {isa = PBXFileReference; lastKnownFileType = sourcecode.swift; path = CategoriesPresenter.swift; sourceTree = "<group>"; };
		E4EE192229EED660009D8D75 /* CategoriesFactory.swift */ = {isa = PBXFileReference; lastKnownFileType = sourcecode.swift; path = CategoriesFactory.swift; sourceTree = "<group>"; };
		E4EFCAD829EDD51C005B437D /* CategoryModel.swift */ = {isa = PBXFileReference; lastKnownFileType = sourcecode.swift; path = CategoryModel.swift; sourceTree = "<group>"; };
/* End PBXFileReference section */

/* Begin PBXFrameworksBuildPhase section */
		174113B729ED2E10008C8EF1 /* Frameworks */ = {
			isa = PBXFrameworksBuildPhase;
			buildActionMask = 2147483647;
			files = (
				174113D329ED2F0F008C8EF1 /* SnapKit in Frameworks */,
			);
			runOnlyForDeploymentPostprocessing = 0;
		};
/* End PBXFrameworksBuildPhase section */

/* Begin PBXGroup section */
		174113B129ED2E0F008C8EF1 = {
			isa = PBXGroup;
			children = (
				174113BC29ED2E10008C8EF1 /* croco */,
				174113BB29ED2E10008C8EF1 /* Products */,
			);
			sourceTree = "<group>";
		};
		174113BB29ED2E10008C8EF1 /* Products */ = {
			isa = PBXGroup;
			children = (
				174113BA29ED2E10008C8EF1 /* croco.app */,
			);
			name = Products;
			sourceTree = "<group>";
		};
		174113BC29ED2E10008C8EF1 /* croco */ = {
			isa = PBXGroup;
			children = (
				174113D729ED2F40008C8EF1 /* Models */,
				174113D429ED2F17008C8EF1 /* Screens */,
				174113D629ED2F35008C8EF1 /* Utils */,
				174113D829ED344B008C8EF1 /* Coordinator.swift */,
				174113BD29ED2E10008C8EF1 /* AppDelegate.swift */,
				174113BF29ED2E10008C8EF1 /* SceneDelegate.swift */,
				174113C129ED2E10008C8EF1 /* ViewController.swift */,
				174113C629ED2E11008C8EF1 /* Assets.xcassets */,
				174113C829ED2E11008C8EF1 /* LaunchScreen.storyboard */,
				174113CB29ED2E11008C8EF1 /* Info.plist */,
			);
			path = croco;
			sourceTree = "<group>";
		};
		174113D429ED2F17008C8EF1 /* Screens */ = {
			isa = PBXGroup;
			children = (
				7ED2E8A629EE8759008DCF53 /* RoundResult */,
				174113E929ED5501008C8EF1 /* GameResult */,
				174113E629ED5466008C8EF1 /* Categories */,
				174113DF29ED4B99008C8EF1 /* Main */,
				174113DE29ED4B4F008C8EF1 /* Rules */,
				174113DD29ED4B44008C8EF1 /* Game */,
				174113DC29ED4B3B008C8EF1 /* Teams */,
			);
			path = Screens;
			sourceTree = "<group>";
		};
		174113D629ED2F35008C8EF1 /* Utils */ = {
			isa = PBXGroup;
			children = (
				7EC3234529EDC88000479134 /* Extensions */,
			);
			path = Utils;
			sourceTree = "<group>";
		};
		174113D729ED2F40008C8EF1 /* Models */ = {
			isa = PBXGroup;
			children = (
			);
			path = Models;
			sourceTree = "<group>";
		};
		174113DC29ED4B3B008C8EF1 /* Teams */ = {
			isa = PBXGroup;
			children = (
				436570ED29F02DC0003E6765 /* Team.swift */,
				436570EF29F02DDA003E6765 /* TeamAPI.swift */,
				436570F129F02E02003E6765 /* TeamTableViewCell.swift */,
				436570F529F0354E003E6765 /* TeamsTableView.swift */,
				174113FE29ED684E008C8EF1 /* TeamsViewController.swift */,
				174113FF29ED684E008C8EF1 /* TeamsViewController.xib */,
			);
			path = Teams;
			sourceTree = "<group>";
		};
		174113DD29ED4B44008C8EF1 /* Game */ = {
			isa = PBXGroup;
			children = (
				43871FAE29EE576800F57227 /* GameView.swift */,
				174113F829ED67FD008C8EF1 /* GameViewController.swift */,
				174113F929ED67FD008C8EF1 /* GameViewController.xib */,
				43871FB029EE7D7900F57227 /* UIColor+extension.swift */,
			);
			path = Game;
			sourceTree = "<group>";
		};
		174113DE29ED4B4F008C8EF1 /* Rules */ = {
			isa = PBXGroup;
			children = (
				174113F429ED6563008C8EF1 /* RulesViewController.swift */,
				174113F529ED6563008C8EF1 /* RulesViewController.xib */,
			);
			path = Rules;
			sourceTree = "<group>";
		};
		174113DF29ED4B99008C8EF1 /* Main */ = {
			isa = PBXGroup;
			children = (
				1741140229ED688D008C8EF1 /* MainViewController.swift */,
				1741140329ED688D008C8EF1 /* MainViewController.xib */,
			);
			path = Main;
			sourceTree = "<group>";
		};
		174113E629ED5466008C8EF1 /* Categories */ = {
			isa = PBXGroup;
			children = (
				E4EFCAD729EDD4FE005B437D /* Models */,
				1741140629ED68D9008C8EF1 /* CategoriesViewController.swift */,
				1741140729ED68D9008C8EF1 /* CategoriesViewController.xib */,
				E4EE192029EED64C009D8D75 /* CategoriesPresenter.swift */,
				E4EE192229EED660009D8D75 /* CategoriesFactory.swift */,
			);
			path = Categories;
			sourceTree = "<group>";
		};
		174113E929ED5501008C8EF1 /* GameResult */ = {
			isa = PBXGroup;
			children = (
				1741140A29ED6907008C8EF1 /* GameResultViewController.swift */,
				7EC3234629EDD15300479134 /* GameResultView.swift */,
				1741140B29ED6907008C8EF1 /* ResultsViewController.xib */,
			);
			path = GameResult;
			sourceTree = "<group>";
		};
		7EC3234529EDC88000479134 /* Extensions */ = {
			isa = PBXGroup;
			children = (
				7EC3234329EDC87D00479134 /* UIColor + extension.swift */,
			);
			path = Extensions;
			sourceTree = "<group>";
		};
		7ED2E8A629EE8759008DCF53 /* RoundResult */ = {
			isa = PBXGroup;
			children = (
				7ED2E8A729EE876E008DCF53 /* RoundResultsViewController.swift */,
				7ED2E8A929EE8777008DCF53 /* RoundResultsView.swift */,
			);
			path = RoundResult;
			sourceTree = "<group>";
		};
		E4EFCAD729EDD4FE005B437D /* Models */ = {
			isa = PBXGroup;
			children = (
				E4EFCAD829EDD51C005B437D /* CategoryModel.swift */,
				E4EE191E29EED634009D8D75 /* CategoryViewModel.swift */,
			);
			path = Models;
			sourceTree = "<group>";
		};
/* End PBXGroup section */

/* Begin PBXNativeTarget section */
		174113B929ED2E10008C8EF1 /* croco */ = {
			isa = PBXNativeTarget;
			buildConfigurationList = 174113CE29ED2E11008C8EF1 /* Build configuration list for PBXNativeTarget "croco" */;
			buildPhases = (
				174113B629ED2E10008C8EF1 /* Sources */,
				174113B729ED2E10008C8EF1 /* Frameworks */,
				174113B829ED2E10008C8EF1 /* Resources */,
			);
			buildRules = (
			);
			dependencies = (
			);
			name = croco;
			packageProductDependencies = (
				174113D229ED2F0F008C8EF1 /* SnapKit */,
			);
			productName = croco;
			productReference = 174113BA29ED2E10008C8EF1 /* croco.app */;
			productType = "com.apple.product-type.application";
		};
/* End PBXNativeTarget section */

/* Begin PBXProject section */
		174113B229ED2E0F008C8EF1 /* Project object */ = {
			isa = PBXProject;
			attributes = {
				BuildIndependentTargetsInParallel = 1;
				LastSwiftUpdateCheck = 1410;
				LastUpgradeCheck = 1410;
				TargetAttributes = {
					174113B929ED2E10008C8EF1 = {
						CreatedOnToolsVersion = 14.1;
					};
				};
			};
			buildConfigurationList = 174113B529ED2E10008C8EF1 /* Build configuration list for PBXProject "croco" */;
			compatibilityVersion = "Xcode 13.0";
			developmentRegion = en;
			hasScannedForEncodings = 0;
			knownRegions = (
				en,
				Base,
			);
			mainGroup = 174113B129ED2E0F008C8EF1;
			packageReferences = (
				174113D129ED2F0F008C8EF1 /* XCRemoteSwiftPackageReference "SnapKit" */,
			);
			productRefGroup = 174113BB29ED2E10008C8EF1 /* Products */;
			projectDirPath = "";
			projectRoot = "";
			targets = (
				174113B929ED2E10008C8EF1 /* croco */,
			);
		};
/* End PBXProject section */

/* Begin PBXResourcesBuildPhase section */
		174113B829ED2E10008C8EF1 /* Resources */ = {
			isa = PBXResourcesBuildPhase;
			buildActionMask = 2147483647;
			files = (
				174113FB29ED67FD008C8EF1 /* GameViewController.xib in Resources */,
				1741140529ED688D008C8EF1 /* MainViewController.xib in Resources */,
				1741140929ED68D9008C8EF1 /* CategoriesViewController.xib in Resources */,
				1741140D29ED6907008C8EF1 /* ResultsViewController.xib in Resources */,
				174113CA29ED2E11008C8EF1 /* LaunchScreen.storyboard in Resources */,
				174113C729ED2E11008C8EF1 /* Assets.xcassets in Resources */,
				1741140129ED684E008C8EF1 /* TeamsViewController.xib in Resources */,
				174113F729ED6563008C8EF1 /* RulesViewController.xib in Resources */,
			);
			runOnlyForDeploymentPostprocessing = 0;
		};
/* End PBXResourcesBuildPhase section */

/* Begin PBXSourcesBuildPhase section */
		174113B629ED2E10008C8EF1 /* Sources */ = {
			isa = PBXSourcesBuildPhase;
			buildActionMask = 2147483647;
			files = (
				174113FA29ED67FD008C8EF1 /* GameViewController.swift in Sources */,
				436570F029F02DDA003E6765 /* TeamAPI.swift in Sources */,
				174113F629ED6563008C8EF1 /* RulesViewController.swift in Sources */,
				E4EE192329EED660009D8D75 /* CategoriesFactory.swift in Sources */,
				436570F629F0354E003E6765 /* TeamsTableView.swift in Sources */,
				174113D929ED344B008C8EF1 /* Coordinator.swift in Sources */,
				43871FB129EE7D7900F57227 /* UIColor+extension.swift in Sources */,
				1741140C29ED6907008C8EF1 /* GameResultViewController.swift in Sources */,
				E4EE191F29EED634009D8D75 /* CategoryViewModel.swift in Sources */,
				1741140029ED684E008C8EF1 /* TeamsViewController.swift in Sources */,
				43871FAF29EE576800F57227 /* GameView.swift in Sources */,
				1741140829ED68D9008C8EF1 /* CategoriesViewController.swift in Sources */,
				7ED2E8A829EE876E008DCF53 /* RoundResultsViewController.swift in Sources */,
				174113C229ED2E10008C8EF1 /* ViewController.swift in Sources */,
				E4EFCAD929EDD51C005B437D /* CategoryModel.swift in Sources */,
				174113BE29ED2E10008C8EF1 /* AppDelegate.swift in Sources */,
				17E775C129EEFBB9004F6051 /* RoundResultsView.swift in Sources */,
				E4EE192129EED64C009D8D75 /* CategoriesPresenter.swift in Sources */,
				7EC3234429EDC87D00479134 /* UIColor + extension.swift in Sources */,
				7EC3234729EDD15300479134 /* GameResultView.swift in Sources */,
				436570EE29F02DC0003E6765 /* Team.swift in Sources */,
				436570F229F02E02003E6765 /* TeamTableViewCell.swift in Sources */,
				1741140C29ED6907008C8EF1 /* GameResultViewController.swift in Sources */,
				174113C029ED2E10008C8EF1 /* SceneDelegate.swift in Sources */,
				1741140429ED688D008C8EF1 /* MainViewController.swift in Sources */,
			);
			runOnlyForDeploymentPostprocessing = 0;
		};
/* End PBXSourcesBuildPhase section */

/* Begin PBXVariantGroup section */
		174113C829ED2E11008C8EF1 /* LaunchScreen.storyboard */ = {
			isa = PBXVariantGroup;
			children = (
				174113C929ED2E11008C8EF1 /* Base */,
			);
			name = LaunchScreen.storyboard;
			sourceTree = "<group>";
		};
/* End PBXVariantGroup section */

/* Begin XCBuildConfiguration section */
		174113CC29ED2E11008C8EF1 /* Debug */ = {
			isa = XCBuildConfiguration;
			buildSettings = {
				ALWAYS_SEARCH_USER_PATHS = NO;
				CLANG_ANALYZER_NONNULL = YES;
				CLANG_ANALYZER_NUMBER_OBJECT_CONVERSION = YES_AGGRESSIVE;
				CLANG_CXX_LANGUAGE_STANDARD = "gnu++20";
				CLANG_ENABLE_MODULES = YES;
				CLANG_ENABLE_OBJC_ARC = YES;
				CLANG_ENABLE_OBJC_WEAK = YES;
				CLANG_WARN_BLOCK_CAPTURE_AUTORELEASING = YES;
				CLANG_WARN_BOOL_CONVERSION = YES;
				CLANG_WARN_COMMA = YES;
				CLANG_WARN_CONSTANT_CONVERSION = YES;
				CLANG_WARN_DEPRECATED_OBJC_IMPLEMENTATIONS = YES;
				CLANG_WARN_DIRECT_OBJC_ISA_USAGE = YES_ERROR;
				CLANG_WARN_DOCUMENTATION_COMMENTS = YES;
				CLANG_WARN_EMPTY_BODY = YES;
				CLANG_WARN_ENUM_CONVERSION = YES;
				CLANG_WARN_INFINITE_RECURSION = YES;
				CLANG_WARN_INT_CONVERSION = YES;
				CLANG_WARN_NON_LITERAL_NULL_CONVERSION = YES;
				CLANG_WARN_OBJC_IMPLICIT_RETAIN_SELF = YES;
				CLANG_WARN_OBJC_LITERAL_CONVERSION = YES;
				CLANG_WARN_OBJC_ROOT_CLASS = YES_ERROR;
				CLANG_WARN_QUOTED_INCLUDE_IN_FRAMEWORK_HEADER = YES;
				CLANG_WARN_RANGE_LOOP_ANALYSIS = YES;
				CLANG_WARN_STRICT_PROTOTYPES = YES;
				CLANG_WARN_SUSPICIOUS_MOVE = YES;
				CLANG_WARN_UNGUARDED_AVAILABILITY = YES_AGGRESSIVE;
				CLANG_WARN_UNREACHABLE_CODE = YES;
				CLANG_WARN__DUPLICATE_METHOD_MATCH = YES;
				COPY_PHASE_STRIP = NO;
				DEBUG_INFORMATION_FORMAT = dwarf;
				ENABLE_STRICT_OBJC_MSGSEND = YES;
				ENABLE_TESTABILITY = YES;
				GCC_C_LANGUAGE_STANDARD = gnu11;
				GCC_DYNAMIC_NO_PIC = NO;
				GCC_NO_COMMON_BLOCKS = YES;
				GCC_OPTIMIZATION_LEVEL = 0;
				GCC_PREPROCESSOR_DEFINITIONS = (
					"DEBUG=1",
					"$(inherited)",
				);
				GCC_WARN_64_TO_32_BIT_CONVERSION = YES;
				GCC_WARN_ABOUT_RETURN_TYPE = YES_ERROR;
				GCC_WARN_UNDECLARED_SELECTOR = YES;
				GCC_WARN_UNINITIALIZED_AUTOS = YES_AGGRESSIVE;
				GCC_WARN_UNUSED_FUNCTION = YES;
				GCC_WARN_UNUSED_VARIABLE = YES;
				IPHONEOS_DEPLOYMENT_TARGET = 16.1;
				MTL_ENABLE_DEBUG_INFO = INCLUDE_SOURCE;
				MTL_FAST_MATH = YES;
				ONLY_ACTIVE_ARCH = YES;
				SDKROOT = iphoneos;
				SWIFT_ACTIVE_COMPILATION_CONDITIONS = DEBUG;
				SWIFT_OPTIMIZATION_LEVEL = "-Onone";
			};
			name = Debug;
		};
		174113CD29ED2E11008C8EF1 /* Release */ = {
			isa = XCBuildConfiguration;
			buildSettings = {
				ALWAYS_SEARCH_USER_PATHS = NO;
				CLANG_ANALYZER_NONNULL = YES;
				CLANG_ANALYZER_NUMBER_OBJECT_CONVERSION = YES_AGGRESSIVE;
				CLANG_CXX_LANGUAGE_STANDARD = "gnu++20";
				CLANG_ENABLE_MODULES = YES;
				CLANG_ENABLE_OBJC_ARC = YES;
				CLANG_ENABLE_OBJC_WEAK = YES;
				CLANG_WARN_BLOCK_CAPTURE_AUTORELEASING = YES;
				CLANG_WARN_BOOL_CONVERSION = YES;
				CLANG_WARN_COMMA = YES;
				CLANG_WARN_CONSTANT_CONVERSION = YES;
				CLANG_WARN_DEPRECATED_OBJC_IMPLEMENTATIONS = YES;
				CLANG_WARN_DIRECT_OBJC_ISA_USAGE = YES_ERROR;
				CLANG_WARN_DOCUMENTATION_COMMENTS = YES;
				CLANG_WARN_EMPTY_BODY = YES;
				CLANG_WARN_ENUM_CONVERSION = YES;
				CLANG_WARN_INFINITE_RECURSION = YES;
				CLANG_WARN_INT_CONVERSION = YES;
				CLANG_WARN_NON_LITERAL_NULL_CONVERSION = YES;
				CLANG_WARN_OBJC_IMPLICIT_RETAIN_SELF = YES;
				CLANG_WARN_OBJC_LITERAL_CONVERSION = YES;
				CLANG_WARN_OBJC_ROOT_CLASS = YES_ERROR;
				CLANG_WARN_QUOTED_INCLUDE_IN_FRAMEWORK_HEADER = YES;
				CLANG_WARN_RANGE_LOOP_ANALYSIS = YES;
				CLANG_WARN_STRICT_PROTOTYPES = YES;
				CLANG_WARN_SUSPICIOUS_MOVE = YES;
				CLANG_WARN_UNGUARDED_AVAILABILITY = YES_AGGRESSIVE;
				CLANG_WARN_UNREACHABLE_CODE = YES;
				CLANG_WARN__DUPLICATE_METHOD_MATCH = YES;
				COPY_PHASE_STRIP = NO;
				DEBUG_INFORMATION_FORMAT = "dwarf-with-dsym";
				ENABLE_NS_ASSERTIONS = NO;
				ENABLE_STRICT_OBJC_MSGSEND = YES;
				GCC_C_LANGUAGE_STANDARD = gnu11;
				GCC_NO_COMMON_BLOCKS = YES;
				GCC_WARN_64_TO_32_BIT_CONVERSION = YES;
				GCC_WARN_ABOUT_RETURN_TYPE = YES_ERROR;
				GCC_WARN_UNDECLARED_SELECTOR = YES;
				GCC_WARN_UNINITIALIZED_AUTOS = YES_AGGRESSIVE;
				GCC_WARN_UNUSED_FUNCTION = YES;
				GCC_WARN_UNUSED_VARIABLE = YES;
				IPHONEOS_DEPLOYMENT_TARGET = 16.1;
				MTL_ENABLE_DEBUG_INFO = NO;
				MTL_FAST_MATH = YES;
				SDKROOT = iphoneos;
				SWIFT_COMPILATION_MODE = wholemodule;
				SWIFT_OPTIMIZATION_LEVEL = "-O";
				VALIDATE_PRODUCT = YES;
			};
			name = Release;
		};
		174113CF29ED2E11008C8EF1 /* Debug */ = {
			isa = XCBuildConfiguration;
			buildSettings = {
				ASSETCATALOG_COMPILER_APPICON_NAME = AppIcon;
				ASSETCATALOG_COMPILER_GLOBAL_ACCENT_COLOR_NAME = AccentColor;
				CODE_SIGN_STYLE = Automatic;
				CURRENT_PROJECT_VERSION = 1;
				GENERATE_INFOPLIST_FILE = YES;
				INFOPLIST_FILE = croco/Info.plist;
				INFOPLIST_KEY_UIApplicationSupportsIndirectInputEvents = YES;
				INFOPLIST_KEY_UILaunchStoryboardName = LaunchScreen;
				INFOPLIST_KEY_UISupportedInterfaceOrientations = UIInterfaceOrientationPortrait;
				INFOPLIST_KEY_UISupportedInterfaceOrientations_iPad = "UIInterfaceOrientationLandscapeLeft UIInterfaceOrientationLandscapeRight UIInterfaceOrientationPortrait UIInterfaceOrientationPortraitUpsideDown";
				IPHONEOS_DEPLOYMENT_TARGET = 15.0;
				LD_RUNPATH_SEARCH_PATHS = (
					"$(inherited)",
					"@executable_path/Frameworks",
				);
				MARKETING_VERSION = 1.0;
				PRODUCT_BUNDLE_IDENTIFIER = app.mnshkv.croco;
				PRODUCT_NAME = "$(TARGET_NAME)";
				SUPPORTED_PLATFORMS = "iphoneos iphonesimulator";
				SUPPORTS_MACCATALYST = NO;
				SUPPORTS_MAC_DESIGNED_FOR_IPHONE_IPAD = NO;
				SWIFT_EMIT_LOC_STRINGS = YES;
				SWIFT_VERSION = 5.0;
				TARGETED_DEVICE_FAMILY = 1;
			};
			name = Debug;
		};
		174113D029ED2E11008C8EF1 /* Release */ = {
			isa = XCBuildConfiguration;
			buildSettings = {
				ASSETCATALOG_COMPILER_APPICON_NAME = AppIcon;
				ASSETCATALOG_COMPILER_GLOBAL_ACCENT_COLOR_NAME = AccentColor;
				CODE_SIGN_STYLE = Automatic;
				CURRENT_PROJECT_VERSION = 1;
				GENERATE_INFOPLIST_FILE = YES;
				INFOPLIST_FILE = croco/Info.plist;
				INFOPLIST_KEY_UIApplicationSupportsIndirectInputEvents = YES;
				INFOPLIST_KEY_UILaunchStoryboardName = LaunchScreen;
				INFOPLIST_KEY_UISupportedInterfaceOrientations = UIInterfaceOrientationPortrait;
				INFOPLIST_KEY_UISupportedInterfaceOrientations_iPad = "UIInterfaceOrientationLandscapeLeft UIInterfaceOrientationLandscapeRight UIInterfaceOrientationPortrait UIInterfaceOrientationPortraitUpsideDown";
				IPHONEOS_DEPLOYMENT_TARGET = 15.0;
				LD_RUNPATH_SEARCH_PATHS = (
					"$(inherited)",
					"@executable_path/Frameworks",
				);
				MARKETING_VERSION = 1.0;
				PRODUCT_BUNDLE_IDENTIFIER = app.mnshkv.croco;
				PRODUCT_NAME = "$(TARGET_NAME)";
				SUPPORTED_PLATFORMS = "iphoneos iphonesimulator";
				SUPPORTS_MACCATALYST = NO;
				SUPPORTS_MAC_DESIGNED_FOR_IPHONE_IPAD = NO;
				SWIFT_EMIT_LOC_STRINGS = YES;
				SWIFT_VERSION = 5.0;
				TARGETED_DEVICE_FAMILY = 1;
			};
			name = Release;
		};
/* End XCBuildConfiguration section */

/* Begin XCConfigurationList section */
		174113B529ED2E10008C8EF1 /* Build configuration list for PBXProject "croco" */ = {
			isa = XCConfigurationList;
			buildConfigurations = (
				174113CC29ED2E11008C8EF1 /* Debug */,
				174113CD29ED2E11008C8EF1 /* Release */,
			);
			defaultConfigurationIsVisible = 0;
			defaultConfigurationName = Release;
		};
		174113CE29ED2E11008C8EF1 /* Build configuration list for PBXNativeTarget "croco" */ = {
			isa = XCConfigurationList;
			buildConfigurations = (
				174113CF29ED2E11008C8EF1 /* Debug */,
				174113D029ED2E11008C8EF1 /* Release */,
			);
			defaultConfigurationIsVisible = 0;
			defaultConfigurationName = Release;
		};
/* End XCConfigurationList section */

/* Begin XCRemoteSwiftPackageReference section */
		174113D129ED2F0F008C8EF1 /* XCRemoteSwiftPackageReference "SnapKit" */ = {
			isa = XCRemoteSwiftPackageReference;
			repositoryURL = "https://github.com/SnapKit/SnapKit.git";
			requirement = {
				branch = develop;
				kind = branch;
			};
		};
/* End XCRemoteSwiftPackageReference section */

/* Begin XCSwiftPackageProductDependency section */
		174113D229ED2F0F008C8EF1 /* SnapKit */ = {
			isa = XCSwiftPackageProductDependency;
			package = 174113D129ED2F0F008C8EF1 /* XCRemoteSwiftPackageReference "SnapKit" */;
			productName = SnapKit;
		};
/* End XCSwiftPackageProductDependency section */
	};
	rootObject = 174113B229ED2E0F008C8EF1 /* Project object */;
}
